
Microsoft Visual Studio Solution File, Format Version 12.00
# Visual Studio Version 16
VisualStudioVersion = 16.0.31727.386
MinimumVisualStudioVersion = 10.0.40219.1
Project("{FAE04EC0-301F-11D3-BF4B-00C04F79EFBC}") = "ClipboardPurifier", "ClipboardPurifier\ClipboardPurifier.csproj", "{491482A9-E616-4FC5-AD49-BCE51E872DEB}"
EndProject
Global
	GlobalSection(SolutionConfigurationPlatforms) = preSolution
		Debug|Any CPU = Debug|Any CPU
		Release|Any CPU = Release|Any CPU
	EndGlobalSection
	GlobalSection(ProjectConfigurationPlatforms) = postSolution
		{491482A9-E616-4FC5-AD49-BCE51E872DEB}.Debug|Any CPU.ActiveCfg = Debug|Any CPU
		{491482A9-E616-4FC5-AD49-BCE51E872DEB}.Debug|Any CPU.Build.0 = Debug|Any CPU
		{491482A9-E616-4FC5-AD49-BCE51E872DEB}.Release|Any CPU.ActiveCfg = Release|Any CPU
		{491482A9-E616-4FC5-AD49-BCE51E872DEB}.Release|Any CPU.Build.0 = Release|Any CPU
	EndGlobalSection
	GlobalSection(SolutionProperties) = preSolution
		HideSolutionNode = FALSE
	EndGlobalSection
	GlobalSection(ExtensibilityGlobals) = postSolution
		SolutionGuid = {2AF076DE-FFAB-421E-B0A6-CF0A35B7265B}
	EndGlobalSection
EndGlobal
